"@mui/x-date-pickers": "^8.3.1",
"dayjs": "^1.11.13",
```

Y en la sección de `node_modules`:

```json
"node_modules/@mui/x-date-pickers": {
  "version": "8.3.1",
  "resolved": "https://registry.npmjs.org/@mui/x-date-pickers/-/x-date-pickers-8.3.1.tgz",
  "integrity": "sha512-QokQvtfrKy802mrs6aH3r351Xhl5r/TYjcIVX97dCp32HRMFD7ygQV9S7+hQYqqpEN8iWEH+L5jJPSIottd/5g==",
  "dependencies": {
    "@babel/runtime": "^7.27.1",
    "@mui/utils": "^7.0.2",
    "@mui/x-internals": "8.3.1",
    "@types/react-transition-group": "^4.4.12",
    "clsx": "^2.1.1",
    "prop-types": "^15.8.1",
    "react-transition-group": "^4.4.5"
  },
  "engines": {
    "node": ">=14.0.0"
  },
  "funding": {
    "type": "opencollective",
    "url": "https://opencollective.com/mui-org"
  },
  "peerDependencies": {
    "@emotion/react": "^11.9.0",
    "@emotion/styled": "^11.8.1",
    "@mui/material": "^5.15.14 || ^6.0.0 || ^7.0.0",
    "@mui/system": "^5.15.14 || ^6.0.0 || ^7.0.0",
    "date-fns": "^2.25.0 || ^3.2.0 || ^4.0.0",
    "date-fns-jalali": "^2.13.0-0 || ^3.2.0-0 || ^4.0.0-0",
    "dayjs": "^1.10.7",
    "luxon": "^3.0.2",
    "moment": "^2.29.4",
    "moment-hijri": "^2.1.2 || ^3.0.0",
    "moment-jalaali": "^0.7.4 || ^0.8.0 || ^0.9.0 || ^0.10.0",
    "react": "^17.0.0 || ^18.0.0 || ^19.0.0",
    "react-dom": "^17.0.0 || ^18.0.0 || ^19.0.0"
  },
  "peerDependenciesMeta": {
    "@emotion/react": {
      "optional": true
    },
    "@emotion/styled": {
      "optional": true
    },
    "date-fns": {
      "optional": true
    },
    "date-fns-jalali": {
      "optional": true
    },
    "dayjs": {
      "optional": true
    },
    "luxon": {
      "optional": true
    },
    "moment": {
      "optional": true
    },
    "moment-hijri": {
      "optional": true
    },
    "moment-jalaali": {
      "optional": true
    }
  }
},
"node_modules/@mui/x-date-pickers/node_modules/@mui/x-internals": {
  "version": "8.3.1",
  "resolved": "https://registry.npmjs.org/@mui/x-internals/-/x-internals-8.3.1.tgz",
  "integrity": "sha512-8kIxT66cea63iEseEIHSWzKju2Wzl7MsWFoAUQEyRvYqOFa2j9Un2Vn/EH2vy9nm/MtMAYpwOE/nt68/KTIA2w==",
  "dependencies": {
    "@babel/runtime": "^7.27.1",
    "@mui/utils": "^7.0.2"
  },
  "engines": {
    "node": ">=14.0.0"
  },
  "funding": {
    "type": "opencollective",
    "url": "https://opencollective.com/mui-org"
  },
  "peerDependencies": {
    "react": "^17.0.0 || ^18.0.0 || ^19.0.0"
  }
},
"node_modules/dayjs": {
  "version": "1.11.13",
  "resolved": "https://registry.npmjs.org/dayjs/-/dayjs-1.11.13.tgz",
  "integrity": "sha512-oaMBel6gjolK862uaPQOVTA7q3TZhuSvuMQAAglQDOWYO9A91IrAOUJEyKVlqJlHE0vq5p5UXxzdPfMH/x6xNg=="
},
```

**Después de guardar los cambios, ejecuta en la terminal:**

```sh
npm install
```

Esto actualizará tu `node_modules` y dejará tu proyecto listo y sin conflictos.// filepath: d:\Mio\Escuela\TESIS\tesisGithub\blood-bank-UI\package-lock.json
"@mui/x-date-pickers": "^8.3.1",
"dayjs": "^1.11.13",
```

Y en la sección de `node_modules`:

```json
"node_modules/@mui/x-date-pickers": {
  "version": "8.3.1",
  "resolved": "https://registry.npmjs.org/@mui/x-date-pickers/-/x-date-pickers-8.3.1.tgz",
  "integrity": "sha512-QokQvtfrKy802mrs6aH3r351Xhl5r/TYjcIVX97dCp32HRMFD7ygQV9S7+hQYqqpEN8iWEH+L5jJPSIottd/5g==",
  "dependencies": {
    "@babel/runtime": "^7.27.1",
    "@mui/utils": "^7.0.2",
    "@mui/x-internals": "8.3.1",
    "@types/react-transition-group": "^4.4.12",
    "clsx": "^2.1.1",
    "prop-types": "^15.8.1",
    "react-transition-group": "^4.4.5"
  },
  "engines": {
    "node": ">=14.0.0"
  },
  "funding": {
    "type": "opencollective",
    "url": "https://opencollective.com/mui-org"
  },
  "peerDependencies": {
    "@emotion/react": "^11.9.0",
    "@emotion/styled": "^11.8.1",
    "@mui/material": "^5.15.14 || ^6.0.0 || ^7.0.0",
    "@mui/system": "^5.15.14 || ^6.0.0 || ^7.0.0",
    "date-fns": "^2.25.0 || ^3.2.0 || ^4.0.0",
    "date-fns-jalali": "^2.13.0-0 || ^3.2.0-0 || ^4.0.0-0",
    "dayjs": "^1.10.7",
    "luxon": "^3.0.2",
    "moment": "^2.29.4",
    "moment-hijri": "^2.1.2 || ^3.0.0",
    "moment-jalaali": "^0.7.4 || ^0.8.0 || ^0.9.0 || ^0.10.0",
    "react": "^17.0.0 || ^18.0.0 || ^19.0.0",
    "react-dom": "^17.0.0 || ^18.0.0 || ^19.0.0"
  },
  "peerDependenciesMeta": {
    "@emotion/react": {
      "optional": true
    },
    "@emotion/styled": {
      "optional": true
    },
    "date-fns": {
      "optional": true
    },
    "date-fns-jalali": {
      "optional": true
    },
    "dayjs": {
      "optional": true
    },
    "luxon": {
      "optional": true
    },
    "moment": {
      "optional": true
    },
    "moment-hijri": {
      "optional": true
    },
    "moment-jalaali": {
      "optional": true
    }
  }
},
"node_modules/@mui/x-date-pickers/node_modules/@mui/x-internals": {
  "version": "8.3.1",
  "resolved": "https://registry.npmjs.org/@mui/x-internals/-/x-internals-8.3.1.tgz",
  "integrity": "sha512-8kIxT66cea63iEseEIHSWzKju2Wzl7MsWFoAUQEyRvYqOFa2j9Un2Vn/EH2vy9nm/MtMAYpwOE/nt68/KTIA2w==",
  "dependencies": {
    "@babel/runtime": "^7.27.1",
    "@mui/utils": "^7.0.2"
  },
  "engines": {
    "node": ">=14.0.0"
  },
  "funding": {
    "type": "opencollective",
    "url": "https://opencollective.com/mui-org"
  },
  "peerDependencies": {
    "react": "^17.0.0 || ^18.0.0 || ^19.0.0"
  }
},
"node_modules/dayjs": {
  "version": "1.11.13",
  "resolved": "https://registry.npmjs.org/dayjs/-/dayjs-1.11.13.tgz",
  "integrity": "sha512-oaMBel6gjolK862uaPQOVTA7q3TZhuSvuMQAAglQDOWYO9A91IrAOUJEyKVlqJlHE0vq5p5UXxzdPfMH/x6xNg=="
},
```

**Después de guardar los cambios, ejecuta en la terminal:**

```sh
npm install
```

Esto actualizará tu `node_modules` y dejará tu proyecto listo y sin conflictos.